
Microsoft Visual Studio Solution File, Format Version 12.00
# Visual Studio Version 17
VisualStudioVersion = 17.8.34004.107
MinimumVisualStudioVersion = 10.0.40219.1
Project("{FAE04EC0-301F-11D3-BF4B-00C04F79EFBC}") = "Задачка", "Задачка\Задачка.csproj", "{D3A0F253-F29A-4585-B932-9914EDEDEEEE}"
EndProject
Global
	GlobalSection(SolutionConfigurationPlatforms) = preSolution
		Debug|Any CPU = Debug|Any CPU
		Release|Any CPU = Release|Any CPU
	EndGlobalSection
	GlobalSection(ProjectConfigurationPlatforms) = postSolution
		{D3A0F253-F29A-4585-B932-9914EDEDEEEE}.Debug|Any CPU.ActiveCfg = Debug|Any CPU
		{D3A0F253-F29A-4585-B932-9914EDEDEEEE}.Debug|Any CPU.Build.0 = Debug|Any CPU
		{D3A0F253-F29A-4585-B932-9914EDEDEEEE}.Release|Any CPU.ActiveCfg = Release|Any CPU
		{D3A0F253-F29A-4585-B932-9914EDEDEEEE}.Release|Any CPU.Build.0 = Release|Any CPU
	EndGlobalSection
	GlobalSection(SolutionProperties) = preSolution
		HideSolutionNode = FALSE
	EndGlobalSection
	GlobalSection(ExtensibilityGlobals) = postSolution
		SolutionGuid = {44D1E593-4F75-4F93-ABCA-327EBDF70488}
	EndGlobalSection
EndGlobal
